
Microsoft Visual Studio Solution File, Format Version 11.00
# Visual Studio 2010
Project("{FAE04EC0-301F-11D3-BF4B-00C04F79EFBC}") = "BalloonShooter", "BalloonShooter\BalloonShooter.csproj", "{C9686484-370D-435C-9361-67D4EA3925EB}"
EndProject
Global
	GlobalSection(SolutionConfigurationPlatforms) = preSolution
		Debug|x86 = Debug|x86
		Release|x86 = Release|x86
	EndGlobalSection
	GlobalSection(ProjectConfigurationPlatforms) = postSolution
		{C9686484-370D-435C-9361-67D4EA3925EB}.Debug|x86.ActiveCfg = Debug|x86
		{C9686484-370D-435C-9361-67D4EA3925EB}.Debug|x86.Build.0 = Debug|x86
		{C9686484-370D-435C-9361-67D4EA3925EB}.Release|x86.ActiveCfg = Release|x86
		{C9686484-370D-435C-9361-67D4EA3925EB}.Release|x86.Build.0 = Release|x86
	EndGlobalSection
	GlobalSection(SolutionProperties) = preSolution
		HideSolutionNode = FALSE
	EndGlobalSection
EndGlobal
